
Microsoft Visual Studio Solution File, Format Version 12.00
# Visual Studio Version 17
VisualStudioVersion = 17.5.002.0
MinimumVisualStudioVersion = 10.0.40219.1
Project("{9A19103F-16F7-4668-BE54-9A1E7A4F7556}") = "weather", "weather.csproj", "{BA654E63-2F81-4641-BC6B-9A393951A27B}"
EndProject
Global
	GlobalSection(SolutionConfigurationPlatforms) = preSolution
		Debug|Any CPU = Debug|Any CPU
		Release|Any CPU = Release|Any CPU
	EndGlobalSection
	GlobalSection(ProjectConfigurationPlatforms) = postSolution
		{BA654E63-2F81-4641-BC6B-9A393951A27B}.Debug|Any CPU.ActiveCfg = Debug|Any CPU
		{BA654E63-2F81-4641-BC6B-9A393951A27B}.Debug|Any CPU.Build.0 = Debug|Any CPU
		{BA654E63-2F81-4641-BC6B-9A393951A27B}.Release|Any CPU.ActiveCfg = Release|Any CPU
		{BA654E63-2F81-4641-BC6B-9A393951A27B}.Release|Any CPU.Build.0 = Release|Any CPU
	EndGlobalSection
	GlobalSection(SolutionProperties) = preSolution
		HideSolutionNode = FALSE
	EndGlobalSection
	GlobalSection(ExtensibilityGlobals) = postSolution
		SolutionGuid = {B2535DD8-93ED-4258-8F5B-011D8964E53E}
	EndGlobalSection
EndGlobal
